// !$*UTF8*$!
{
	archiveVersion = 1;
	classes = {
	};
	objectVersion = 56;
	objects = {

/* Begin PBXBuildFile section */
		000000000000000000000601 /* ApartmentPlannerApp.swift in Sources */ = {isa = PBXBuildFile; fileRef = 000000000000000000000403 /* ApartmentPlannerApp.swift */; };
		000000000000000000000602 /* RootView.swift in Sources */ = {isa = PBXBuildFile; fileRef = 000000000000000000000404 /* RootView.swift */; };
		000000000000000000000603 /* RootNavigationState.swift in Sources */ = {isa = PBXBuildFile; fileRef = 000000000000000000000405 /* RootNavigationState.swift */; };
		000000000000000000000604 /* FeatureShellView.swift in Sources */ = {isa = PBXBuildFile; fileRef = 000000000000000000000406 /* FeatureShellView.swift */; };
		000000000000000000000605 /* ApartmentPlannerTheme.swift in Sources */ = {isa = PBXBuildFile; fileRef = 000000000000000000000407 /* ApartmentPlannerTheme.swift */; };
		000000000000000000000606 /* ApartmentPlannerTypography.swift in Sources */ = {isa = PBXBuildFile; fileRef = 000000000000000000000408 /* ApartmentPlannerTypography.swift */; };
		000000000000000000000607 /* AppTab.swift in Sources */ = {isa = PBXBuildFile; fileRef = 000000000000000000000409 /* AppTab.swift */; };
		000000000000000000000608 /* TaskStatus.swift in Sources */ = {isa = PBXBuildFile; fileRef = 00000000000000000000040A /* TaskStatus.swift */; };
		000000000000000000000609 /* ProjectRole.swift in Sources */ = {isa = PBXBuildFile; fileRef = 00000000000000000000040B /* ProjectRole.swift */; };
		000000000000000000000610 /* ApartmentPlannerDomainModels.swift in Sources */ = {isa = PBXBuildFile; fileRef = 000000000000000000000415 /* ApartmentPlannerDomainModels.swift */; };
		000000000000000000000611 /* SampleApartmentData.swift in Sources */ = {isa = PBXBuildFile; fileRef = 000000000000000000000416 /* SampleApartmentData.swift */; };
		000000000000000000000612 /* SampleApartmentDataTests.swift in Sources */ = {isa = PBXBuildFile; fileRef = 000000000000000000000417 /* SampleApartmentDataTests.swift */; };
		000000000000000000000613 /* DependencyRules.swift in Sources */ = {isa = PBXBuildFile; fileRef = 000000000000000000000418 /* DependencyRules.swift */; };
		000000000000000000000614 /* DependencyRulesTests.swift in Sources */ = {isa = PBXBuildFile; fileRef = 000000000000000000000419 /* DependencyRulesTests.swift */; };
		00000000000000000000060A /* HomeView.swift in Sources */ = {isa = PBXBuildFile; fileRef = 00000000000000000000040C /* HomeView.swift */; };
		00000000000000000000060B /* TasksView.swift in Sources */ = {isa = PBXBuildFile; fileRef = 00000000000000000000040D /* TasksView.swift */; };
		00000000000000000000060C /* PlanView.swift in Sources */ = {isa = PBXBuildFile; fileRef = 00000000000000000000040E /* PlanView.swift */; };
		00000000000000000000060D /* BudgetView.swift in Sources */ = {isa = PBXBuildFile; fileRef = 00000000000000000000040F /* BudgetView.swift */; };
		00000000000000000000060E /* CalendarView.swift in Sources */ = {isa = PBXBuildFile; fileRef = 000000000000000000000410 /* CalendarView.swift */; };
		00000000000000000000060F /* ApartmentPlannerTests.swift in Sources */ = {isa = PBXBuildFile; fileRef = 000000000000000000000414 /* ApartmentPlannerTests.swift */; };
/* End PBXBuildFile section */

/* Begin PBXContainerItemProxy section */
		000000000000000000000801 /* ApartmentPlanner target proxy */ = {
			isa = PBXContainerItemProxy;
			containerPortal = 000000000000000000000001 /* Project object */;
			proxyType = 1;
			remoteGlobalIDString = 000000000000000000000101;
			remoteInfo = ApartmentPlanner;
		};
/* End PBXContainerItemProxy section */

/* Begin PBXFileReference section */
		000000000000000000000401 /* README.md */ = {isa = PBXFileReference; lastKnownFileType = text.md; path = README.md; sourceTree = "<group>"; };
		000000000000000000000403 /* ApartmentPlannerApp.swift */ = {isa = PBXFileReference; lastKnownFileType = sourcecode.swift; path = ApartmentPlannerApp.swift; sourceTree = "<group>"; };
		000000000000000000000404 /* RootView.swift */ = {isa = PBXFileReference; lastKnownFileType = sourcecode.swift; path = RootView.swift; sourceTree = "<group>"; };
		000000000000000000000405 /* RootNavigationState.swift */ = {isa = PBXFileReference; lastKnownFileType = sourcecode.swift; path = RootNavigationState.swift; sourceTree = "<group>"; };
		000000000000000000000406 /* FeatureShellView.swift */ = {isa = PBXFileReference; lastKnownFileType = sourcecode.swift; path = FeatureShellView.swift; sourceTree = "<group>"; };
		000000000000000000000407 /* ApartmentPlannerTheme.swift */ = {isa = PBXFileReference; lastKnownFileType = sourcecode.swift; path = ApartmentPlannerTheme.swift; sourceTree = "<group>"; };
		000000000000000000000408 /* ApartmentPlannerTypography.swift */ = {isa = PBXFileReference; lastKnownFileType = sourcecode.swift; path = ApartmentPlannerTypography.swift; sourceTree = "<group>"; };
		000000000000000000000409 /* AppTab.swift */ = {isa = PBXFileReference; lastKnownFileType = sourcecode.swift; path = AppTab.swift; sourceTree = "<group>"; };
		00000000000000000000040A /* TaskStatus.swift */ = {isa = PBXFileReference; lastKnownFileType = sourcecode.swift; path = TaskStatus.swift; sourceTree = "<group>"; };
		00000000000000000000040B /* ProjectRole.swift */ = {isa = PBXFileReference; lastKnownFileType = sourcecode.swift; path = ProjectRole.swift; sourceTree = "<group>"; };
		000000000000000000000415 /* ApartmentPlannerDomainModels.swift */ = {isa = PBXFileReference; lastKnownFileType = sourcecode.swift; path = ApartmentPlannerDomainModels.swift; sourceTree = "<group>"; };
		000000000000000000000416 /* SampleApartmentData.swift */ = {isa = PBXFileReference; lastKnownFileType = sourcecode.swift; path = SampleApartmentData.swift; sourceTree = "<group>"; };
		000000000000000000000418 /* DependencyRules.swift */ = {isa = PBXFileReference; lastKnownFileType = sourcecode.swift; path = DependencyRules.swift; sourceTree = "<group>"; };
		00000000000000000000040C /* HomeView.swift */ = {isa = PBXFileReference; lastKnownFileType = sourcecode.swift; path = HomeView.swift; sourceTree = "<group>"; };
		00000000000000000000040D /* TasksView.swift */ = {isa = PBXFileReference; lastKnownFileType = sourcecode.swift; path = TasksView.swift; sourceTree = "<group>"; };
		00000000000000000000040E /* PlanView.swift */ = {isa = PBXFileReference; lastKnownFileType = sourcecode.swift; path = PlanView.swift; sourceTree = "<group>"; };
		00000000000000000000040F /* BudgetView.swift */ = {isa = PBXFileReference; lastKnownFileType = sourcecode.swift; path = BudgetView.swift; sourceTree = "<group>"; };
		000000000000000000000410 /* CalendarView.swift */ = {isa = PBXFileReference; lastKnownFileType = sourcecode.swift; path = CalendarView.swift; sourceTree = "<group>"; };
		000000000000000000000411 /* ARCHITECTURE.md */ = {isa = PBXFileReference; lastKnownFileType = text.md; path = ARCHITECTURE.md; sourceTree = "<group>"; };
		000000000000000000000412 /* DATA_MODEL.md */ = {isa = PBXFileReference; lastKnownFileType = text.md; path = DATA_MODEL.md; sourceTree = "<group>"; };
		000000000000000000000413 /* DECISIONS.md */ = {isa = PBXFileReference; lastKnownFileType = text.md; path = DECISIONS.md; sourceTree = "<group>"; };
		000000000000000000000414 /* ApartmentPlannerTests.swift */ = {isa = PBXFileReference; lastKnownFileType = sourcecode.swift; path = ApartmentPlannerTests.swift; sourceTree = "<group>"; };
		000000000000000000000417 /* SampleApartmentDataTests.swift */ = {isa = PBXFileReference; lastKnownFileType = sourcecode.swift; path = SampleApartmentDataTests.swift; sourceTree = "<group>"; };
		000000000000000000000419 /* DependencyRulesTests.swift */ = {isa = PBXFileReference; lastKnownFileType = sourcecode.swift; path = DependencyRulesTests.swift; sourceTree = "<group>"; };
		000000000000000000000501 /* ApartmentPlanner.app */ = {isa = PBXFileReference; explicitFileType = wrapper.application; includeInIndex = 0; path = ApartmentPlanner.app; sourceTree = BUILT_PRODUCTS_DIR; };
		000000000000000000000502 /* ApartmentPlannerTests.xctest */ = {isa = PBXFileReference; explicitFileType = wrapper.cfbundle; includeInIndex = 0; path = ApartmentPlannerTests.xctest; sourceTree = BUILT_PRODUCTS_DIR; };
/* End PBXFileReference section */

/* Begin PBXGroup section */
		000000000000000000000301 = {
			isa = PBXGroup;
			children = (
				000000000000000000000303 /* App */,
				000000000000000000000304 /* Core */,
				000000000000000000000309 /* Features */,
				00000000000000000000030F /* Data */,
				000000000000000000000312 /* Integrations */,
				000000000000000000000316 /* Resources */,
				000000000000000000000317 /* Tests */,
				000000000000000000000318 /* docs */,
				000000000000000000000401 /* README.md */,
				000000000000000000000302 /* Products */,
			);
			sourceTree = "<group>";
		};
		000000000000000000000302 /* Products */ = {
			isa = PBXGroup;
			children = (
				000000000000000000000501 /* ApartmentPlanner.app */,
				000000000000000000000502 /* ApartmentPlannerTests.xctest */,
			);
			name = Products;
			sourceTree = "<group>";
		};
		000000000000000000000303 /* App */ = {
			isa = PBXGroup;
			children = (
				000000000000000000000403 /* ApartmentPlannerApp.swift */,
				000000000000000000000404 /* RootView.swift */,
				000000000000000000000405 /* RootNavigationState.swift */,
				000000000000000000000406 /* FeatureShellView.swift */,
			);
			path = App;
			sourceTree = "<group>";
		};
		000000000000000000000304 /* Core */ = {
			isa = PBXGroup;
			children = (
				000000000000000000000305 /* Models */,
				000000000000000000000306 /* Rules */,
				000000000000000000000307 /* Services */,
				000000000000000000000308 /* DesignSystem */,
			);
			path = Core;
			sourceTree = "<group>";
		};
		000000000000000000000305 /* Models */ = {
			isa = PBXGroup;
			children = (
				000000000000000000000409 /* AppTab.swift */,
				00000000000000000000040A /* TaskStatus.swift */,
				00000000000000000000040B /* ProjectRole.swift */,
				000000000000000000000415 /* ApartmentPlannerDomainModels.swift */,
			);
			path = Models;
			sourceTree = "<group>";
		};
		000000000000000000000306 /* Rules */ = {
			isa = PBXGroup;
			children = (
				000000000000000000000418 /* DependencyRules.swift */,
			);
			path = Rules;
			sourceTree = "<group>";
		};
		000000000000000000000307 /* Services */ = {
			isa = PBXGroup;
			children = (
				000000000000000000000416 /* SampleApartmentData.swift */,
			);
			path = Services;
			sourceTree = "<group>";
		};
		000000000000000000000308 /* DesignSystem */ = {
			isa = PBXGroup;
			children = (
				000000000000000000000407 /* ApartmentPlannerTheme.swift */,
				000000000000000000000408 /* ApartmentPlannerTypography.swift */,
			);
			path = DesignSystem;
			sourceTree = "<group>";
		};
		000000000000000000000309 /* Features */ = {
			isa = PBXGroup;
			children = (
				00000000000000000000030A /* Home */,
				00000000000000000000030B /* Tasks */,
				00000000000000000000030C /* Plan */,
				00000000000000000000030D /* Budget */,
				00000000000000000000030E /* Calendar */,
			);
			path = Features;
			sourceTree = "<group>";
		};
		00000000000000000000030A /* Home */ = {
			isa = PBXGroup;
			children = (
				00000000000000000000040C /* HomeView.swift */,
			);
			path = Home;
			sourceTree = "<group>";
		};
		00000000000000000000030B /* Tasks */ = {
			isa = PBXGroup;
			children = (
				00000000000000000000040D /* TasksView.swift */,
			);
			path = Tasks;
			sourceTree = "<group>";
		};
		00000000000000000000030C /* Plan */ = {
			isa = PBXGroup;
			children = (
				00000000000000000000040E /* PlanView.swift */,
			);
			path = Plan;
			sourceTree = "<group>";
		};
		00000000000000000000030D /* Budget */ = {
			isa = PBXGroup;
			children = (
				00000000000000000000040F /* BudgetView.swift */,
			);
			path = Budget;
			sourceTree = "<group>";
		};
		00000000000000000000030E /* Calendar */ = {
			isa = PBXGroup;
			children = (
				000000000000000000000410 /* CalendarView.swift */,
			);
			path = Calendar;
			sourceTree = "<group>";
		};
		00000000000000000000030F /* Data */ = {
			isa = PBXGroup;
			children = (
				000000000000000000000310 /* Persistence */,
				000000000000000000000311 /* Repositories */,
			);
			path = Data;
			sourceTree = "<group>";
		};
		000000000000000000000310 /* Persistence */ = {
			isa = PBXGroup;
			children = (
			);
			path = Persistence;
			sourceTree = "<group>";
		};
		000000000000000000000311 /* Repositories */ = {
			isa = PBXGroup;
			children = (
			);
			path = Repositories;
			sourceTree = "<group>";
		};
		000000000000000000000312 /* Integrations */ = {
			isa = PBXGroup;
			children = (
				000000000000000000000313 /* Excel */,
				000000000000000000000314 /* AppleCalendar */,
				000000000000000000000315 /* Notifications */,
			);
			path = Integrations;
			sourceTree = "<group>";
		};
		000000000000000000000313 /* Excel */ = {
			isa = PBXGroup;
			children = (
			);
			path = Excel;
			sourceTree = "<group>";
		};
		000000000000000000000314 /* AppleCalendar */ = {
			isa = PBXGroup;
			children = (
			);
			path = AppleCalendar;
			sourceTree = "<group>";
		};
		000000000000000000000315 /* Notifications */ = {
			isa = PBXGroup;
			children = (
			);
			path = Notifications;
			sourceTree = "<group>";
		};
		000000000000000000000316 /* Resources */ = {
			isa = PBXGroup;
			children = (
			);
			path = Resources;
			sourceTree = "<group>";
		};
		000000000000000000000317 /* Tests */ = {
			isa = PBXGroup;
			children = (
				000000000000000000000319 /* ApartmentPlannerTests */,
			);
			path = Tests;
			sourceTree = "<group>";
		};
		000000000000000000000318 /* docs */ = {
			isa = PBXGroup;
			children = (
				000000000000000000000411 /* ARCHITECTURE.md */,
				000000000000000000000412 /* DATA_MODEL.md */,
				000000000000000000000413 /* DECISIONS.md */,
			);
			path = docs;
			sourceTree = "<group>";
		};
		000000000000000000000319 /* ApartmentPlannerTests */ = {
			isa = PBXGroup;
			children = (
				000000000000000000000414 /* ApartmentPlannerTests.swift */,
				000000000000000000000417 /* SampleApartmentDataTests.swift */,
				000000000000000000000419 /* DependencyRulesTests.swift */,
			);
			path = ApartmentPlannerTests;
			sourceTree = "<group>";
		};
/* End PBXGroup section */

/* Begin PBXNativeTarget section */
		000000000000000000000101 /* ApartmentPlanner */ = {
			isa = PBXNativeTarget;
			buildConfigurationList = 000000000000000000000202 /* Build configuration list for PBXNativeTarget "ApartmentPlanner" */;
			buildPhases = (
				000000000000000000000901 /* Sources */,
				000000000000000000000903 /* Frameworks */,
				000000000000000000000905 /* Resources */,
			);
			buildRules = (
			);
			dependencies = (
			);
			name = ApartmentPlanner;
			productName = ApartmentPlanner;
			productReference = 000000000000000000000501 /* ApartmentPlanner.app */;
			productType = "com.apple.product-type.application";
		};
		000000000000000000000102 /* ApartmentPlannerTests */ = {
			isa = PBXNativeTarget;
			buildConfigurationList = 000000000000000000000203 /* Build configuration list for PBXNativeTarget "ApartmentPlannerTests" */;
			buildPhases = (
				000000000000000000000902 /* Sources */,
				000000000000000000000904 /* Frameworks */,
				000000000000000000000906 /* Resources */,
			);
			buildRules = (
			);
			dependencies = (
				000000000000000000000802 /* ApartmentPlannerTests target dependency */,
			);
			name = ApartmentPlannerTests;
			productName = ApartmentPlannerTests;
			productReference = 000000000000000000000502 /* ApartmentPlannerTests.xctest */;
			productType = "com.apple.product-type.bundle.unit-test";
		};
/* End PBXNativeTarget section */

/* Begin PBXProject section */
		000000000000000000000001 /* Project object */ = {
			isa = PBXProject;
			attributes = {
				LastSwiftUpdateCheck = 1600;
				LastUpgradeCheck = 1600;
				TargetAttributes = {
					000000000000000000000101 = {
						CreatedOnToolsVersion = 16.0;
						ProvisioningStyle = Automatic;
					};
					000000000000000000000102 = {
						CreatedOnToolsVersion = 16.0;
						ProvisioningStyle = Automatic;
						TestTargetID = 000000000000000000000101;
					};
				};
			};
			buildConfigurationList = 000000000000000000000201 /* Build configuration list for PBXProject "ApartmentPlanner" */;
			compatibilityVersion = "Xcode 15.0";
			developmentRegion = en;
			hasScannedForEncodings = 0;
			knownRegions = (
				en,
				Base,
			);
			mainGroup = 000000000000000000000301;
			productRefGroup = 000000000000000000000302 /* Products */;
			projectDirPath = "";
			projectRoot = "";
			targets = (
				000000000000000000000101 /* ApartmentPlanner */,
				000000000000000000000102 /* ApartmentPlannerTests */,
			);
		};
/* End PBXProject section */

/* Begin PBXResourcesBuildPhase section */
		000000000000000000000905 /* Resources */ = {
			isa = PBXResourcesBuildPhase;
			buildActionMask = 2147483647;
			files = (
			);
			runOnlyForDeploymentPostprocessing = 0;
		};
		000000000000000000000906 /* Resources */ = {
			isa = PBXResourcesBuildPhase;
			buildActionMask = 2147483647;
			files = (
			);
			runOnlyForDeploymentPostprocessing = 0;
		};
/* End PBXResourcesBuildPhase section */

/* Begin PBXSourcesBuildPhase section */
		000000000000000000000901 /* Sources */ = {
			isa = PBXSourcesBuildPhase;
			buildActionMask = 2147483647;
			files = (
				000000000000000000000601 /* ApartmentPlannerApp.swift in Sources */,
				000000000000000000000602 /* RootView.swift in Sources */,
				000000000000000000000603 /* RootNavigationState.swift in Sources */,
				000000000000000000000604 /* FeatureShellView.swift in Sources */,
				000000000000000000000605 /* ApartmentPlannerTheme.swift in Sources */,
				000000000000000000000606 /* ApartmentPlannerTypography.swift in Sources */,
				000000000000000000000607 /* AppTab.swift in Sources */,
				000000000000000000000608 /* TaskStatus.swift in Sources */,
				000000000000000000000609 /* ProjectRole.swift in Sources */,
				000000000000000000000610 /* ApartmentPlannerDomainModels.swift in Sources */,
				000000000000000000000611 /* SampleApartmentData.swift in Sources */,
				000000000000000000000613 /* DependencyRules.swift in Sources */,
				00000000000000000000060A /* HomeView.swift in Sources */,
				00000000000000000000060B /* TasksView.swift in Sources */,
				00000000000000000000060C /* PlanView.swift in Sources */,
				00000000000000000000060D /* BudgetView.swift in Sources */,
				00000000000000000000060E /* CalendarView.swift in Sources */,
			);
			runOnlyForDeploymentPostprocessing = 0;
		};
		000000000000000000000902 /* Sources */ = {
			isa = PBXSourcesBuildPhase;
			buildActionMask = 2147483647;
			files = (
				00000000000000000000060F /* ApartmentPlannerTests.swift in Sources */,
				000000000000000000000612 /* SampleApartmentDataTests.swift in Sources */,
				000000000000000000000614 /* DependencyRulesTests.swift in Sources */,
			);
			runOnlyForDeploymentPostprocessing = 0;
		};
/* End PBXSourcesBuildPhase section */

/* Begin PBXFrameworksBuildPhase section */
		000000000000000000000903 /* Frameworks */ = {
			isa = PBXFrameworksBuildPhase;
			buildActionMask = 2147483647;
			files = (
			);
			runOnlyForDeploymentPostprocessing = 0;
		};
		000000000000000000000904 /* Frameworks */ = {
			isa = PBXFrameworksBuildPhase;
			buildActionMask = 2147483647;
			files = (
			);
			runOnlyForDeploymentPostprocessing = 0;
		};
/* End PBXFrameworksBuildPhase section */

/* Begin PBXTargetDependency section */
		000000000000000000000802 /* ApartmentPlannerTests target dependency */ = {
			isa = PBXTargetDependency;
			target = 000000000000000000000101 /* ApartmentPlanner */;
			targetProxy = 000000000000000000000801 /* ApartmentPlanner target proxy */;
		};
/* End PBXTargetDependency section */

/* Begin XCBuildConfiguration section */
		000000000000000000000701 /* Debug */ = {
			isa = XCBuildConfiguration;
			buildSettings = {
			};
			name = Debug;
		};
		000000000000000000000702 /* Release */ = {
			isa = XCBuildConfiguration;
			buildSettings = {
			};
			name = Release;
		};
		000000000000000000000703 /* Debug */ = {
			isa = XCBuildConfiguration;
			buildSettings = {
				CLANG_ENABLE_OBJC_ARC = YES;
				CODE_SIGN_STYLE = Automatic;
				CURRENT_PROJECT_VERSION = 1;
				DEVELOPMENT_TEAM = "";
				ENABLE_TESTABILITY = YES;
				GENERATE_INFOPLIST_FILE = YES;
				INFOPLIST_KEY_CFBundleDisplayName = "Apartment Planner";
				INFOPLIST_KEY_UIApplicationSceneManifest_Generation = YES;
				INFOPLIST_KEY_UILaunchScreen_Generation = YES;
				IPHONEOS_DEPLOYMENT_TARGET = 17.0;
				LD_RUNPATH_SEARCH_PATHS = (
					"$(inherited)",
					"@executable_path/Frameworks",
				);
				MARKETING_VERSION = 0.1;
				PRODUCT_BUNDLE_IDENTIFIER = com.juliofei.ApartmentPlanner;
				PRODUCT_NAME = ApartmentPlanner;
				SDKROOT = iphoneos;
				SUPPORTED_PLATFORMS = "iphoneos iphonesimulator";
				SWIFT_ACTIVE_COMPILATION_CONDITIONS = DEBUG;
				SWIFT_VERSION = 5.0;
				TARGETED_DEVICE_FAMILY = 1;
			};
			name = Debug;
		};
		000000000000000000000704 /* Release */ = {
			isa = XCBuildConfiguration;
			buildSettings = {
				CLANG_ENABLE_OBJC_ARC = YES;
				CODE_SIGN_STYLE = Automatic;
				CURRENT_PROJECT_VERSION = 1;
				DEVELOPMENT_TEAM = "";
				GENERATE_INFOPLIST_FILE = YES;
				INFOPLIST_KEY_CFBundleDisplayName = "Apartment Planner";
				INFOPLIST_KEY_UIApplicationSceneManifest_Generation = YES;
				INFOPLIST_KEY_UILaunchScreen_Generation = YES;
				IPHONEOS_DEPLOYMENT_TARGET = 17.0;
				LD_RUNPATH_SEARCH_PATHS = (
					"$(inherited)",
					"@executable_path/Frameworks",
				);
				MARKETING_VERSION = 0.1;
				PRODUCT_BUNDLE_IDENTIFIER = com.juliofei.ApartmentPlanner;
				PRODUCT_NAME = ApartmentPlanner;
				SDKROOT = iphoneos;
				SUPPORTED_PLATFORMS = "iphoneos iphonesimulator";
				SWIFT_VERSION = 5.0;
				TARGETED_DEVICE_FAMILY = 1;
			};
			name = Release;
		};
		000000000000000000000705 /* Debug */ = {
			isa = XCBuildConfiguration;
			buildSettings = {
				CLANG_ENABLE_OBJC_ARC = YES;
				CODE_SIGN_STYLE = Automatic;
				CURRENT_PROJECT_VERSION = 1;
				DEVELOPMENT_TEAM = "";
				GENERATE_INFOPLIST_FILE = YES;
				IPHONEOS_DEPLOYMENT_TARGET = 17.0;
				LD_RUNPATH_SEARCH_PATHS = (
					"$(inherited)",
					"@executable_path/Frameworks",
					"@loader_path/Frameworks",
				);
				PRODUCT_BUNDLE_IDENTIFIER = com.juliofei.ApartmentPlannerTests;
				PRODUCT_NAME = ApartmentPlannerTests;
				SKIP_INSTALL = YES;
				SDKROOT = iphoneos;
				SUPPORTED_PLATFORMS = "iphoneos iphonesimulator";
				SWIFT_ACTIVE_COMPILATION_CONDITIONS = DEBUG;
				SWIFT_VERSION = 5.0;
				TARGETED_DEVICE_FAMILY = 1;
				TEST_HOST = "$(BUILT_PRODUCTS_DIR)/ApartmentPlanner.app/ApartmentPlanner";
				BUNDLE_LOADER = "$(TEST_HOST)";
			};
			name = Debug;
		};
		000000000000000000000706 /* Release */ = {
			isa = XCBuildConfiguration;
			buildSettings = {
				CLANG_ENABLE_OBJC_ARC = YES;
				CODE_SIGN_STYLE = Automatic;
				CURRENT_PROJECT_VERSION = 1;
				DEVELOPMENT_TEAM = "";
				GENERATE_INFOPLIST_FILE = YES;
				IPHONEOS_DEPLOYMENT_TARGET = 17.0;
				LD_RUNPATH_SEARCH_PATHS = (
					"$(inherited)",
					"@executable_path/Frameworks",
					"@loader_path/Frameworks",
				);
				PRODUCT_BUNDLE_IDENTIFIER = com.juliofei.ApartmentPlannerTests;
				PRODUCT_NAME = ApartmentPlannerTests;
				SKIP_INSTALL = YES;
				SDKROOT = iphoneos;
				SUPPORTED_PLATFORMS = "iphoneos iphonesimulator";
				SWIFT_VERSION = 5.0;
				TARGETED_DEVICE_FAMILY = 1;
				TEST_HOST = "$(BUILT_PRODUCTS_DIR)/ApartmentPlanner.app/ApartmentPlanner";
				BUNDLE_LOADER = "$(TEST_HOST)";
			};
			name = Release;
		};
/* End XCBuildConfiguration section */

/* Begin XCConfigurationList section */
		000000000000000000000201 /* Build configuration list for PBXProject "ApartmentPlanner" */ = {
			isa = XCConfigurationList;
			buildConfigurations = (
				000000000000000000000701 /* Debug */,
				000000000000000000000702 /* Release */,
			);
			defaultConfigurationIsVisible = 0;
			defaultConfigurationName = Release;
		};
		000000000000000000000202 /* Build configuration list for PBXNativeTarget "ApartmentPlanner" */ = {
			isa = XCConfigurationList;
			buildConfigurations = (
				000000000000000000000703 /* Debug */,
				000000000000000000000704 /* Release */,
			);
			defaultConfigurationIsVisible = 0;
			defaultConfigurationName = Release;
		};
		000000000000000000000203 /* Build configuration list for PBXNativeTarget "ApartmentPlannerTests" */ = {
			isa = XCConfigurationList;
			buildConfigurations = (
				000000000000000000000705 /* Debug */,
				000000000000000000000706 /* Release */,
			);
			defaultConfigurationIsVisible = 0;
			defaultConfigurationName = Release;
		};
/* End XCConfigurationList section */
	};
	rootObject = 000000000000000000000001 /* Project object */;
}
